
Microsoft Visual Studio Solution File, Format Version 12.00
# Visual Studio Version 17
VisualStudioVersion = 17.14.37027.9 d17.14
MinimumVisualStudioVersion = 10.0.40219.1
Project("{FAE04EC0-301F-11D3-BF4B-00C04F79EFBC}") = "Sdl.SDK.LanguagePlatform.Samples.BatchExport", "Sdl.SDK.LanguagePlatform.Samples.BatchExport.csproj", "{9E57B294-A3C4-49D7-BF87-C81C47892D90}"
EndProject
Global
	GlobalSection(SolutionConfigurationPlatforms) = preSolution
		Debug|x64 = Debug|x64
		Release|x64 = Release|x64
	EndGlobalSection
	GlobalSection(ProjectConfigurationPlatforms) = postSolution
		{9E57B294-A3C4-49D7-BF87-C81C47892D90}.Debug|x64.ActiveCfg = Debug|x64
		{9E57B294-A3C4-49D7-BF87-C81C47892D90}.Debug|x64.Build.0 = Debug|x64
		{9E57B294-A3C4-49D7-BF87-C81C47892D90}.Release|x64.ActiveCfg = Release|x64
		{9E57B294-A3C4-49D7-BF87-C81C47892D90}.Release|x64.Build.0 = Release|x64
	EndGlobalSection
	GlobalSection(SolutionProperties) = preSolution
		HideSolutionNode = FALSE
	EndGlobalSection
	GlobalSection(ExtensibilityGlobals) = postSolution
		SolutionGuid = {31C6CD65-AFAA-4A5B-B0BB-4A462FD44B68}
	EndGlobalSection
EndGlobal
