
Microsoft Visual Studio Solution File, Format Version 12.00
# Visual Studio 15
VisualStudioVersion = 15.0.27703.2035
MinimumVisualStudioVersion = 10.0.40219.1
Project("{FAE04EC0-301F-11D3-BF4B-00C04F79EFBC}") = "Sdl.SDK.LanguagePlatform.Samples.BatchExport", "Sdl.SDK.LanguagePlatform.Samples.BatchExport.csproj", "{9E57B294-A3C4-49D7-BF87-C81C47892D90}"
EndProject
Global
	GlobalSection(SolutionConfigurationPlatforms) = preSolution
		Debug|Any CPU = Debug|Any CPU
		Release|Any CPU = Release|Any CPU
	EndGlobalSection
	GlobalSection(ProjectConfigurationPlatforms) = postSolution
		{9E57B294-A3C4-49D7-BF87-C81C47892D90}.Debug|Any CPU.ActiveCfg = Debug|Any CPU
		{9E57B294-A3C4-49D7-BF87-C81C47892D90}.Debug|Any CPU.Build.0 = Debug|Any CPU
		{9E57B294-A3C4-49D7-BF87-C81C47892D90}.Release|Any CPU.ActiveCfg = Release|Any CPU
		{9E57B294-A3C4-49D7-BF87-C81C47892D90}.Release|Any CPU.Build.0 = Release|Any CPU
	EndGlobalSection
	GlobalSection(SolutionProperties) = preSolution
		HideSolutionNode = FALSE
	EndGlobalSection
	GlobalSection(ExtensibilityGlobals) = postSolution
		SolutionGuid = {31C6CD65-AFAA-4A5B-B0BB-4A462FD44B68}
	EndGlobalSection
EndGlobal
