
Microsoft Visual Studio Solution File, Format Version 12.00
# Visual Studio Version 17
VisualStudioVersion = 17.14.37027.9 d17.14
MinimumVisualStudioVersion = 10.0.40219.1
Project("{FAE04EC0-301F-11D3-BF4B-00C04F79EFBC}") = "Sdl.SDK.LanguagePlatform.Samples.BatchImporter", "Sdl.SDK.LanguagePlatform.Samples.BatchImporter.csproj", "{4B2DDA1B-D199-41DE-9DEF-7222EEA3B60C}"
EndProject
Global
	GlobalSection(SolutionConfigurationPlatforms) = preSolution
		Debug|x64 = Debug|x64
		Release|x64 = Release|x64
	EndGlobalSection
	GlobalSection(ProjectConfigurationPlatforms) = postSolution
		{4B2DDA1B-D199-41DE-9DEF-7222EEA3B60C}.Debug|x64.ActiveCfg = Debug|x64
		{4B2DDA1B-D199-41DE-9DEF-7222EEA3B60C}.Debug|x64.Build.0 = Debug|x64
		{4B2DDA1B-D199-41DE-9DEF-7222EEA3B60C}.Release|x64.ActiveCfg = Release|x64
		{4B2DDA1B-D199-41DE-9DEF-7222EEA3B60C}.Release|x64.Build.0 = Release|x64
	EndGlobalSection
	GlobalSection(SolutionProperties) = preSolution
		HideSolutionNode = FALSE
	EndGlobalSection
	GlobalSection(ExtensibilityGlobals) = postSolution
		SolutionGuid = {D361ACA5-0159-4E46-8EF9-CF0C4CD7A48C}
	EndGlobalSection
EndGlobal
