
Microsoft Visual Studio Solution File, Format Version 12.00
# Visual Studio 15
VisualStudioVersion = 15.0.27703.2042
MinimumVisualStudioVersion = 10.0.40219.1
Project("{FAE04EC0-301F-11D3-BF4B-00C04F79EFBC}") = "Sdl.Notifications.Samples", "Sdl.Notifications.Samples.csproj", "{B2DC3872-D61F-434B-B081-CCA998E2DD75}"
EndProject
Global
	GlobalSection(SolutionConfigurationPlatforms) = preSolution
		Debug|Any CPU = Debug|Any CPU
		Release|Any CPU = Release|Any CPU
	EndGlobalSection
	GlobalSection(ProjectConfigurationPlatforms) = postSolution
		{B2DC3872-D61F-434B-B081-CCA998E2DD75}.Debug|Any CPU.ActiveCfg = Debug|Any CPU
		{B2DC3872-D61F-434B-B081-CCA998E2DD75}.Debug|Any CPU.Build.0 = Debug|Any CPU
		{B2DC3872-D61F-434B-B081-CCA998E2DD75}.Release|Any CPU.ActiveCfg = Release|Any CPU
		{B2DC3872-D61F-434B-B081-CCA998E2DD75}.Release|Any CPU.Build.0 = Release|Any CPU
	EndGlobalSection
	GlobalSection(SolutionProperties) = preSolution
		HideSolutionNode = FALSE
	EndGlobalSection
	GlobalSection(ExtensibilityGlobals) = postSolution
		SolutionGuid = {2BF1487C-958F-499A-B43F-CEFF75C32543}
	EndGlobalSection
EndGlobal
