
Microsoft Visual Studio Solution File, Format Version 12.00
# Visual Studio Version 17
VisualStudioVersion = 17.14.37027.9 d17.14
MinimumVisualStudioVersion = 10.0.40219.1
Project("{FAE04EC0-301F-11D3-BF4B-00C04F79EFBC}") = "Sdl.ProjectAutomation.ProjectOperations.GUI", "Sdl.ProjectAutomation.ProjectOperations.GUI\Sdl.ProjectAutomation.ProjectOperations.GUI.csproj", "{336EF396-5FAC-4000-8607-FED58BC3D141}"
EndProject
Project("{FAE04EC0-301F-11D3-BF4B-00C04F79EFBC}") = "Sdl.ProjectAutomation.ProjectOperations.Logic", "Sdl.ProjectAutomation.ProjectOperations.Logic\Sdl.ProjectAutomation.ProjectOperations.Logic.csproj", "{46F3789C-6A4A-4A75-9E1F-143635CF4CD9}"
EndProject
Global
	GlobalSection(SolutionConfigurationPlatforms) = preSolution
		Debug|x64 = Debug|x64
		Release|x64 = Release|x64
	EndGlobalSection
	GlobalSection(ProjectConfigurationPlatforms) = postSolution
		{336EF396-5FAC-4000-8607-FED58BC3D141}.Debug|x64.ActiveCfg = Debug|x64
		{336EF396-5FAC-4000-8607-FED58BC3D141}.Debug|x64.Build.0 = Debug|x64
		{336EF396-5FAC-4000-8607-FED58BC3D141}.Release|x64.ActiveCfg = Release|x64
		{336EF396-5FAC-4000-8607-FED58BC3D141}.Release|x64.Build.0 = Release|x64
		{46F3789C-6A4A-4A75-9E1F-143635CF4CD9}.Debug|x64.ActiveCfg = Debug|x64
		{46F3789C-6A4A-4A75-9E1F-143635CF4CD9}.Debug|x64.Build.0 = Debug|x64
		{46F3789C-6A4A-4A75-9E1F-143635CF4CD9}.Release|x64.ActiveCfg = Release|x64
		{46F3789C-6A4A-4A75-9E1F-143635CF4CD9}.Release|x64.Build.0 = Release|x64
	EndGlobalSection
	GlobalSection(SolutionProperties) = preSolution
		HideSolutionNode = FALSE
	EndGlobalSection
	GlobalSection(ExtensibilityGlobals) = postSolution
		SolutionGuid = {6F298ED1-5F90-4FDA-A2E5-20B5D4BF2715}
	EndGlobalSection
EndGlobal
